github.com/beevik/etree v1.6.0 h1:u8Kwy8pp9D9XeITj2Z0XtA5qqZEmtJtuXZRQi+j03eE=
github.com/beevik/etree v1.6.0/go.mod h1:bh4zJxiIr62SOf9pRzN7UUYaEDa9HEKafK25+sLc0Gc=
golang.org/x/text v0.30.0 h1:yznKA/E9zq54KzlzBEAWn1NXSQ8DIp/NYMy88xJjl4k=
golang.org/x/text v0.30.0/go.mod h1:yDdHFIX9t+tORqspjENWgzaCVXgk0yYnYuSZ8UzzBVM=
